
Microsoft Visual Studio Solution File, Format Version 12.00
# Visual Studio 15
VisualStudioVersion = 15.0.26403.3
MinimumVisualStudioVersion = 10.0.40219.1
Project("{FAE04EC0-301F-11D3-BF4B-00C04F79EFBC}") = "DependencyProperties", "DependencyProperties\DependencyProperties.csproj", "{8A1B3A24-D4C8-44C3-9532-6DAE768E0306}"
EndProject
Project("{FAE04EC0-301F-11D3-BF4B-00C04F79EFBC}") = "ATZ.DependencyProperties", "ATZ.DependencyProperties\ATZ.DependencyProperties.csproj", "{58E3A0FF-E579-4B5C-A7D7-BE2D22F725F5}"
EndProject
Global
	GlobalSection(SolutionConfigurationPlatforms) = preSolution
		Debug|Any CPU = Debug|Any CPU
		Release|Any CPU = Release|Any CPU
	EndGlobalSection
	GlobalSection(ProjectConfigurationPlatforms) = postSolution
		{8A1B3A24-D4C8-44C3-9532-6DAE768E0306}.Debug|Any CPU.ActiveCfg = Debug|Any CPU
		{8A1B3A24-D4C8-44C3-9532-6DAE768E0306}.Debug|Any CPU.Build.0 = Debug|Any CPU
		{8A1B3A24-D4C8-44C3-9532-6DAE768E0306}.Release|Any CPU.ActiveCfg = Release|Any CPU
		{8A1B3A24-D4C8-44C3-9532-6DAE768E0306}.Release|Any CPU.Build.0 = Release|Any CPU
		{58E3A0FF-E579-4B5C-A7D7-BE2D22F725F5}.Debug|Any CPU.ActiveCfg = Debug|Any CPU
		{58E3A0FF-E579-4B5C-A7D7-BE2D22F725F5}.Debug|Any CPU.Build.0 = Debug|Any CPU
		{58E3A0FF-E579-4B5C-A7D7-BE2D22F725F5}.Release|Any CPU.ActiveCfg = Release|Any CPU
		{58E3A0FF-E579-4B5C-A7D7-BE2D22F725F5}.Release|Any CPU.Build.0 = Release|Any CPU
	EndGlobalSection
	GlobalSection(SolutionProperties) = preSolution
		HideSolutionNode = FALSE
	EndGlobalSection
EndGlobal
